
Microsoft Visual Studio Solution File, Format Version 12.00
# Visual Studio Version 17
VisualStudioVersion = 17.2.32526.322
MinimumVisualStudioVersion = 10.0.40219.1
Project("{8BC9CEB8-8B4A-11D0-8D11-00A0C91BC942}") = "WeChatWin2.0", "WeChatWin2.0\WeChatWin2.0.vcxproj", "{9F3E503C-77CC-4944-870D-D2E44F472CC0}"
EndProject
Global
	GlobalSection(SolutionConfigurationPlatforms) = preSolution
		Debug|x64 = Debug|x64
		Release|x64 = Release|x64
	EndGlobalSection
	GlobalSection(ProjectConfigurationPlatforms) = postSolution
		{9F3E503C-77CC-4944-870D-D2E44F472CC0}.Debug|x64.ActiveCfg = Debug|x64
		{9F3E503C-77CC-4944-870D-D2E44F472CC0}.Debug|x64.Build.0 = Debug|x64
		{9F3E503C-77CC-4944-870D-D2E44F472CC0}.Release|x64.ActiveCfg = Release|x64
		{9F3E503C-77CC-4944-870D-D2E44F472CC0}.Release|x64.Build.0 = Release|x64
	EndGlobalSection
	GlobalSection(SolutionProperties) = preSolution
		HideSolutionNode = FALSE
	EndGlobalSection
	GlobalSection(ExtensibilityGlobals) = postSolution
		SolutionGuid = {625FFA6A-7487-4DED-8484-209EBBF2B43E}
	EndGlobalSection
EndGlobal
